
Microsoft Visual Studio Solution File, Format Version 12.00
Project("{FAE04EC0-301F-11D3-BF4B-00C04F79EFBC}") = "ConsoleApp3", "ConsoleApp3\ConsoleApp3.csproj", "{8A7D8C8B-F635-4F7C-91A2-5276C2F74F5E}"
EndProject
Project("{FAE04EC0-301F-11D3-BF4B-00C04F79EFBC}") = "hw4interface", "hw4interface\hw4interface.csproj", "{BA195781-B47C-48DE-BB2F-7AC0E54084F0}"
EndProject
Global
	GlobalSection(SolutionConfigurationPlatforms) = preSolution
		Debug|Any CPU = Debug|Any CPU
		Release|Any CPU = Release|Any CPU
	EndGlobalSection
	GlobalSection(ProjectConfigurationPlatforms) = postSolution
		{8A7D8C8B-F635-4F7C-91A2-5276C2F74F5E}.Debug|Any CPU.ActiveCfg = Debug|Any CPU
		{8A7D8C8B-F635-4F7C-91A2-5276C2F74F5E}.Debug|Any CPU.Build.0 = Debug|Any CPU
		{8A7D8C8B-F635-4F7C-91A2-5276C2F74F5E}.Release|Any CPU.ActiveCfg = Release|Any CPU
		{8A7D8C8B-F635-4F7C-91A2-5276C2F74F5E}.Release|Any CPU.Build.0 = Release|Any CPU
		{BA195781-B47C-48DE-BB2F-7AC0E54084F0}.Debug|Any CPU.ActiveCfg = Debug|Any CPU
		{BA195781-B47C-48DE-BB2F-7AC0E54084F0}.Debug|Any CPU.Build.0 = Debug|Any CPU
		{BA195781-B47C-48DE-BB2F-7AC0E54084F0}.Release|Any CPU.ActiveCfg = Release|Any CPU
		{BA195781-B47C-48DE-BB2F-7AC0E54084F0}.Release|Any CPU.Build.0 = Release|Any CPU
	EndGlobalSection
EndGlobal
